// !$*UTF8*$!
{
	archiveVersion = 1;
	classes = {
	};
	objectVersion = 56;
	objects = {

/* Begin PBXBuildFile section */
		2DA982BF1F3D6693134998B7 /* Pods_flutter_test.framework in Frameworks */ = {isa = PBXBuildFile; fileRef = 1BE9CB92A8296E9D7FFBDFEA /* Pods_flutter_test.framework */; };
		371A8B7EAA87033CFB9C6B13 /* Pods_flutter_test_flutter_testUITests.framework in Frameworks */ = {isa = PBXBuildFile; fileRef = 3658885CC1B55BF08E805EAA /* Pods_flutter_test_flutter_testUITests.framework */; };
		8FB6BA054D06DE4357563E47 /* Pods_flutter_testTests.framework in Frameworks */ = {isa = PBXBuildFile; fileRef = 63BEFBED5C7018947C2F5002 /* Pods_flutter_testTests.framework */; };
		968A00002A1DB44000C96D05 /* LaunchScreen.storyboard in Resources */ = {isa = PBXBuildFile; fileRef = 968AFFFE2A1DB44000C96D05 /* LaunchScreen.storyboard */; };
		968A000B2A1DB44000C96D05 /* flutter_testTests.swift in Sources */ = {isa = PBXBuildFile; fileRef = 968A000A2A1DB44000C96D05 /* flutter_testTests.swift */; };
		968A00152A1DB44000C96D05 /* flutter_testUITests.swift in Sources */ = {isa = PBXBuildFile; fileRef = 968A00142A1DB44000C96D05 /* flutter_testUITests.swift */; };
		968A00172A1DB44000C96D05 /* flutter_testUITestsLaunchTests.swift in Sources */ = {isa = PBXBuildFile; fileRef = 968A00162A1DB44000C96D05 /* flutter_testUITestsLaunchTests.swift */; };
		968AFFF42A1DB43F00C96D05 /* AppDelegate.swift in Sources */ = {isa = PBXBuildFile; fileRef = 968AFFF32A1DB43F00C96D05 /* AppDelegate.swift */; };
		968AFFF62A1DB43F00C96D05 /* SceneDelegate.swift in Sources */ = {isa = PBXBuildFile; fileRef = 968AFFF52A1DB43F00C96D05 /* SceneDelegate.swift */; };
		968AFFF82A1DB43F00C96D05 /* ViewController.swift in Sources */ = {isa = PBXBuildFile; fileRef = 968AFFF72A1DB43F00C96D05 /* ViewController.swift */; };
		968AFFFB2A1DB43F00C96D05 /* Main.storyboard in Resources */ = {isa = PBXBuildFile; fileRef = 968AFFF92A1DB43F00C96D05 /* Main.storyboard */; };
		968AFFFD2A1DB44000C96D05 /* Assets.xcassets in Resources */ = {isa = PBXBuildFile; fileRef = 968AFFFC2A1DB44000C96D05 /* Assets.xcassets */; };
/* End PBXBuildFile section */

/* Begin PBXContainerItemProxy section */
		968A00072A1DB44000C96D05 /* PBXContainerItemProxy */ = {
			isa = PBXContainerItemProxy;
			containerPortal = 968AFFE82A1DB43F00C96D05 /* Project object */;
			proxyType = 1;
			remoteGlobalIDString = 968AFFEF2A1DB43F00C96D05;
			remoteInfo = flutter_test;
		};
		968A00112A1DB44000C96D05 /* PBXContainerItemProxy */ = {
			isa = PBXContainerItemProxy;
			containerPortal = 968AFFE82A1DB43F00C96D05 /* Project object */;
			proxyType = 1;
			remoteGlobalIDString = 968AFFEF2A1DB43F00C96D05;
			remoteInfo = flutter_test;
		};
/* End PBXContainerItemProxy section */

/* Begin PBXFileReference section */
		04F15AA14DFCB19FA89B4E12 /* Pods-flutter_testTests.release.xcconfig */ = {isa = PBXFileReference; includeInIndex = 1; lastKnownFileType = text.xcconfig; name = "Pods-flutter_testTests.release.xcconfig"; path = "Target Support Files/Pods-flutter_testTests/Pods-flutter_testTests.release.xcconfig"; sourceTree = "<group>"; };
		1BE9CB92A8296E9D7FFBDFEA /* Pods_flutter_test.framework */ = {isa = PBXFileReference; explicitFileType = wrapper.framework; includeInIndex = 0; path = Pods_flutter_test.framework; sourceTree = BUILT_PRODUCTS_DIR; };
		3658885CC1B55BF08E805EAA /* Pods_flutter_test_flutter_testUITests.framework */ = {isa = PBXFileReference; explicitFileType = wrapper.framework; includeInIndex = 0; path = Pods_flutter_test_flutter_testUITests.framework; sourceTree = BUILT_PRODUCTS_DIR; };
		54158D9650F9C753FF1EC79B /* Pods-flutter_test.debug.xcconfig */ = {isa = PBXFileReference; includeInIndex = 1; lastKnownFileType = text.xcconfig; name = "Pods-flutter_test.debug.xcconfig"; path = "Target Support Files/Pods-flutter_test/Pods-flutter_test.debug.xcconfig"; sourceTree = "<group>"; };
		5FD74CB51E4F9065257F339E /* Pods-flutter_test-flutter_testUITests.debug.xcconfig */ = {isa = PBXFileReference; includeInIndex = 1; lastKnownFileType = text.xcconfig; name = "Pods-flutter_test-flutter_testUITests.debug.xcconfig"; path = "Target Support Files/Pods-flutter_test-flutter_testUITests/Pods-flutter_test-flutter_testUITests.debug.xcconfig"; sourceTree = "<group>"; };
		63BEFBED5C7018947C2F5002 /* Pods_flutter_testTests.framework */ = {isa = PBXFileReference; explicitFileType = wrapper.framework; includeInIndex = 0; path = Pods_flutter_testTests.framework; sourceTree = BUILT_PRODUCTS_DIR; };
		9165592CAC1271A85B77BBA3 /* Pods-flutter_testTests.debug.xcconfig */ = {isa = PBXFileReference; includeInIndex = 1; lastKnownFileType = text.xcconfig; name = "Pods-flutter_testTests.debug.xcconfig"; path = "Target Support Files/Pods-flutter_testTests/Pods-flutter_testTests.debug.xcconfig"; sourceTree = "<group>"; };
		968A00012A1DB44000C96D05 /* Info.plist */ = {isa = PBXFileReference; lastKnownFileType = text.plist.xml; path = Info.plist; sourceTree = "<group>"; };
		968A00062A1DB44000C96D05 /* flutter_testTests.xctest */ = {isa = PBXFileReference; explicitFileType = wrapper.cfbundle; includeInIndex = 0; path = flutter_testTests.xctest; sourceTree = BUILT_PRODUCTS_DIR; };
		968A000A2A1DB44000C96D05 /* flutter_testTests.swift */ = {isa = PBXFileReference; lastKnownFileType = sourcecode.swift; path = flutter_testTests.swift; sourceTree = "<group>"; };
		968A00102A1DB44000C96D05 /* flutter_testUITests.xctest */ = {isa = PBXFileReference; explicitFileType = wrapper.cfbundle; includeInIndex = 0; path = flutter_testUITests.xctest; sourceTree = BUILT_PRODUCTS_DIR; };
		968A00142A1DB44000C96D05 /* flutter_testUITests.swift */ = {isa = PBXFileReference; lastKnownFileType = sourcecode.swift; path = flutter_testUITests.swift; sourceTree = "<group>"; };
		968A00162A1DB44000C96D05 /* flutter_testUITestsLaunchTests.swift */ = {isa = PBXFileReference; lastKnownFileType = sourcecode.swift; path = flutter_testUITestsLaunchTests.swift; sourceTree = "<group>"; };
		968AFFF02A1DB43F00C96D05 /* flutter_test.app */ = {isa = PBXFileReference; explicitFileType = wrapper.application; includeInIndex = 0; path = flutter_test.app; sourceTree = BUILT_PRODUCTS_DIR; };
		968AFFF32A1DB43F00C96D05 /* AppDelegate.swift */ = {isa = PBXFileReference; lastKnownFileType = sourcecode.swift; path = AppDelegate.swift; sourceTree = "<group>"; };
		968AFFF52A1DB43F00C96D05 /* SceneDelegate.swift */ = {isa = PBXFileReference; lastKnownFileType = sourcecode.swift; path = SceneDelegate.swift; sourceTree = "<group>"; };
		968AFFF72A1DB43F00C96D05 /* ViewController.swift */ = {isa = PBXFileReference; lastKnownFileType = sourcecode.swift; path = ViewController.swift; sourceTree = "<group>"; };
		968AFFFA2A1DB43F00C96D05 /* Base */ = {isa = PBXFileReference; lastKnownFileType = file.storyboard; name = Base; path = Base.lproj/Main.storyboard; sourceTree = "<group>"; };
		968AFFFC2A1DB44000C96D05 /* Assets.xcassets */ = {isa = PBXFileReference; lastKnownFileType = folder.assetcatalog; path = Assets.xcassets; sourceTree = "<group>"; };
		968AFFFF2A1DB44000C96D05 /* Base */ = {isa = PBXFileReference; lastKnownFileType = file.storyboard; name = Base; path = Base.lproj/LaunchScreen.storyboard; sourceTree = "<group>"; };
		B945B77A1E86AABD11B9DA2C /* Pods-flutter_test-flutter_testUITests.release.xcconfig */ = {isa = PBXFileReference; includeInIndex = 1; lastKnownFileType = text.xcconfig; name = "Pods-flutter_test-flutter_testUITests.release.xcconfig"; path = "Target Support Files/Pods-flutter_test-flutter_testUITests/Pods-flutter_test-flutter_testUITests.release.xcconfig"; sourceTree = "<group>"; };
		E03623A3266EC77F393021EF /* Pods-flutter_test.release.xcconfig */ = {isa = PBXFileReference; includeInIndex = 1; lastKnownFileType = text.xcconfig; name = "Pods-flutter_test.release.xcconfig"; path = "Target Support Files/Pods-flutter_test/Pods-flutter_test.release.xcconfig"; sourceTree = "<group>"; };
/* End PBXFileReference section */

/* Begin PBXFrameworksBuildPhase section */
		968A00032A1DB44000C96D05 /* Frameworks */ = {
			isa = PBXFrameworksBuildPhase;
			buildActionMask = 2147483647;
			files = (
				8FB6BA054D06DE4357563E47 /* Pods_flutter_testTests.framework in Frameworks */,
			);
			runOnlyForDeploymentPostprocessing = 0;
		};
		968A000D2A1DB44000C96D05 /* Frameworks */ = {
			isa = PBXFrameworksBuildPhase;
			buildActionMask = 2147483647;
			files = (
				371A8B7EAA87033CFB9C6B13 /* Pods_flutter_test_flutter_testUITests.framework in Frameworks */,
			);
			runOnlyForDeploymentPostprocessing = 0;
		};
		968AFFED2A1DB43F00C96D05 /* Frameworks */ = {
			isa = PBXFrameworksBuildPhase;
			buildActionMask = 2147483647;
			files = (
				2DA982BF1F3D6693134998B7 /* Pods_flutter_test.framework in Frameworks */,
			);
			runOnlyForDeploymentPostprocessing = 0;
		};
/* End PBXFrameworksBuildPhase section */

/* Begin PBXGroup section */
		2C8CFDCB1990FA8205D056E2 /* Pods */ = {
			isa = PBXGroup;
			children = (
				54158D9650F9C753FF1EC79B /* Pods-flutter_test.debug.xcconfig */,
				E03623A3266EC77F393021EF /* Pods-flutter_test.release.xcconfig */,
				5FD74CB51E4F9065257F339E /* Pods-flutter_test-flutter_testUITests.debug.xcconfig */,
				B945B77A1E86AABD11B9DA2C /* Pods-flutter_test-flutter_testUITests.release.xcconfig */,
				9165592CAC1271A85B77BBA3 /* Pods-flutter_testTests.debug.xcconfig */,
				04F15AA14DFCB19FA89B4E12 /* Pods-flutter_testTests.release.xcconfig */,
			);
			path = Pods;
			sourceTree = "<group>";
		};
		968A00092A1DB44000C96D05 /* flutter_testTests */ = {
			isa = PBXGroup;
			children = (
				968A000A2A1DB44000C96D05 /* flutter_testTests.swift */,
			);
			path = flutter_testTests;
			sourceTree = "<group>";
		};
		968A00132A1DB44000C96D05 /* flutter_testUITests */ = {
			isa = PBXGroup;
			children = (
				968A00142A1DB44000C96D05 /* flutter_testUITests.swift */,
				968A00162A1DB44000C96D05 /* flutter_testUITestsLaunchTests.swift */,
			);
			path = flutter_testUITests;
			sourceTree = "<group>";
		};
		968AFFE72A1DB43F00C96D05 = {
			isa = PBXGroup;
			children = (
				968AFFF22A1DB43F00C96D05 /* flutter_test */,
				968A00092A1DB44000C96D05 /* flutter_testTests */,
				968A00132A1DB44000C96D05 /* flutter_testUITests */,
				968AFFF12A1DB43F00C96D05 /* Products */,
				2C8CFDCB1990FA8205D056E2 /* Pods */,
				A0409835A60828DB3BDE013C /* Frameworks */,
			);
			sourceTree = "<group>";
		};
		968AFFF12A1DB43F00C96D05 /* Products */ = {
			isa = PBXGroup;
			children = (
				968AFFF02A1DB43F00C96D05 /* flutter_test.app */,
				968A00062A1DB44000C96D05 /* flutter_testTests.xctest */,
				968A00102A1DB44000C96D05 /* flutter_testUITests.xctest */,
			);
			name = Products;
			sourceTree = "<group>";
		};
		968AFFF22A1DB43F00C96D05 /* flutter_test */ = {
			isa = PBXGroup;
			children = (
				968AFFF32A1DB43F00C96D05 /* AppDelegate.swift */,
				968AFFF52A1DB43F00C96D05 /* SceneDelegate.swift */,
				968AFFF72A1DB43F00C96D05 /* ViewController.swift */,
				968AFFF92A1DB43F00C96D05 /* Main.storyboard */,
				968AFFFC2A1DB44000C96D05 /* Assets.xcassets */,
				968AFFFE2A1DB44000C96D05 /* LaunchScreen.storyboard */,
				968A00012A1DB44000C96D05 /* Info.plist */,
			);
			path = flutter_test;
			sourceTree = "<group>";
		};
		A0409835A60828DB3BDE013C /* Frameworks */ = {
			isa = PBXGroup;
			children = (
				1BE9CB92A8296E9D7FFBDFEA /* Pods_flutter_test.framework */,
				3658885CC1B55BF08E805EAA /* Pods_flutter_test_flutter_testUITests.framework */,
				63BEFBED5C7018947C2F5002 /* Pods_flutter_testTests.framework */,
			);
			name = Frameworks;
			sourceTree = "<group>";
		};
/* End PBXGroup section */

/* Begin PBXNativeTarget section */
		968A00052A1DB44000C96D05 /* flutter_testTests */ = {
			isa = PBXNativeTarget;
			buildConfigurationList = 968A001D2A1DB44000C96D05 /* Build configuration list for PBXNativeTarget "flutter_testTests" */;
			buildPhases = (
				F40AE5B35BE94FBDF7D96D31 /* [CP] Check Pods Manifest.lock */,
				968A00022A1DB44000C96D05 /* Sources */,
				968A00032A1DB44000C96D05 /* Frameworks */,
				968A00042A1DB44000C96D05 /* Resources */,
			);
			buildRules = (
			);
			dependencies = (
				968A00082A1DB44000C96D05 /* PBXTargetDependency */,
			);
			name = flutter_testTests;
			productName = flutter_testTests;
			productReference = 968A00062A1DB44000C96D05 /* flutter_testTests.xctest */;
			productType = "com.apple.product-type.bundle.unit-test";
		};
		968A000F2A1DB44000C96D05 /* flutter_testUITests */ = {
			isa = PBXNativeTarget;
			buildConfigurationList = 968A00202A1DB44000C96D05 /* Build configuration list for PBXNativeTarget "flutter_testUITests" */;
			buildPhases = (
				FD4392BC62C6BCA755D1515F /* [CP] Check Pods Manifest.lock */,
				968A000C2A1DB44000C96D05 /* Sources */,
				968A000D2A1DB44000C96D05 /* Frameworks */,
				968A000E2A1DB44000C96D05 /* Resources */,
				8F021BC31E32709C54CC9C3C /* [CP] Embed Pods Frameworks */,
			);
			buildRules = (
			);
			dependencies = (
				968A00122A1DB44000C96D05 /* PBXTargetDependency */,
			);
			name = flutter_testUITests;
			productName = flutter_testUITests;
			productReference = 968A00102A1DB44000C96D05 /* flutter_testUITests.xctest */;
			productType = "com.apple.product-type.bundle.ui-testing";
		};
		968AFFEF2A1DB43F00C96D05 /* flutter_test */ = {
			isa = PBXNativeTarget;
			buildConfigurationList = 968A001A2A1DB44000C96D05 /* Build configuration list for PBXNativeTarget "flutter_test" */;
			buildPhases = (
				AE17929DC472891275C4C310 /* [CP] Check Pods Manifest.lock */,
				968A00232A1DE46B00C96D05 /* ShellScript */,
				D9988C788C9EFCA3108748D7 /* [CP-User] Run Flutter Build flutter_module Script */,
				968AFFEC2A1DB43F00C96D05 /* Sources */,
				968AFFED2A1DB43F00C96D05 /* Frameworks */,
				968AFFEE2A1DB43F00C96D05 /* Resources */,
				B4EA98EA8CA109C2E7797055 /* [CP] Embed Pods Frameworks */,
				6EA251424AFF0C3F8869E90B /* [CP-User] Embed Flutter Build flutter_module Script */,
			);
			buildRules = (
			);
			dependencies = (
			);
			name = flutter_test;
			productName = flutter_test;
			productReference = 968AFFF02A1DB43F00C96D05 /* flutter_test.app */;
			productType = "com.apple.product-type.application";
		};
/* End PBXNativeTarget section */

/* Begin PBXProject section */
		968AFFE82A1DB43F00C96D05 /* Project object */ = {
			isa = PBXProject;
			attributes = {
				BuildIndependentTargetsInParallel = 1;
				LastSwiftUpdateCheck = 1410;
				LastUpgradeCheck = 1410;
				TargetAttributes = {
					968A00052A1DB44000C96D05 = {
						CreatedOnToolsVersion = 14.1;
						TestTargetID = 968AFFEF2A1DB43F00C96D05;
					};
					968A000F2A1DB44000C96D05 = {
						CreatedOnToolsVersion = 14.1;
						TestTargetID = 968AFFEF2A1DB43F00C96D05;
					};
					968AFFEF2A1DB43F00C96D05 = {
						CreatedOnToolsVersion = 14.1;
					};
				};
			};
			buildConfigurationList = 968AFFEB2A1DB43F00C96D05 /* Build configuration list for PBXProject "flutter_test" */;
			compatibilityVersion = "Xcode 14.0";
			developmentRegion = en;
			hasScannedForEncodings = 0;
			knownRegions = (
				en,
				Base,
			);
			mainGroup = 968AFFE72A1DB43F00C96D05;
			productRefGroup = 968AFFF12A1DB43F00C96D05 /* Products */;
			projectDirPath = "";
			projectRoot = "";
			targets = (
				968AFFEF2A1DB43F00C96D05 /* flutter_test */,
				968A00052A1DB44000C96D05 /* flutter_testTests */,
				968A000F2A1DB44000C96D05 /* flutter_testUITests */,
			);
		};
/* End PBXProject section */

/* Begin PBXResourcesBuildPhase section */
		968A00042A1DB44000C96D05 /* Resources */ = {
			isa = PBXResourcesBuildPhase;
			buildActionMask = 2147483647;
			files = (
			);
			runOnlyForDeploymentPostprocessing = 0;
		};
		968A000E2A1DB44000C96D05 /* Resources */ = {
			isa = PBXResourcesBuildPhase;
			buildActionMask = 2147483647;
			files = (
			);
			runOnlyForDeploymentPostprocessing = 0;
		};
		968AFFEE2A1DB43F00C96D05 /* Resources */ = {
			isa = PBXResourcesBuildPhase;
			buildActionMask = 2147483647;
			files = (
				968A00002A1DB44000C96D05 /* LaunchScreen.storyboard in Resources */,
				968AFFFD2A1DB44000C96D05 /* Assets.xcassets in Resources */,
				968AFFFB2A1DB43F00C96D05 /* Main.storyboard in Resources */,
			);
			runOnlyForDeploymentPostprocessing = 0;
		};
/* End PBXResourcesBuildPhase section */

/* Begin PBXShellScriptBuildPhase section */
		6EA251424AFF0C3F8869E90B /* [CP-User] Embed Flutter Build flutter_module Script */ = {
			isa = PBXShellScriptBuildPhase;
			buildActionMask = 2147483647;
			files = (
			);
			name = "[CP-User] Embed Flutter Build flutter_module Script";
			runOnlyForDeploymentPostprocessing = 0;
			shellPath = /bin/sh;
			shellScript = "set -e\nset -u\nsource \"${SRCROOT}/../flutter_module/.ios/Flutter/flutter_export_environment.sh\"\nexport VERBOSE_SCRIPT_LOGGING=1 && \"$FLUTTER_ROOT\"/packages/flutter_tools/bin/xcode_backend.sh embed_and_thin";
		};
		8F021BC31E32709C54CC9C3C /* [CP] Embed Pods Frameworks */ = {
			isa = PBXShellScriptBuildPhase;
			buildActionMask = 2147483647;
			files = (
			);
			inputFileListPaths = (
				"${PODS_ROOT}/Target Support Files/Pods-flutter_test-flutter_testUITests/Pods-flutter_test-flutter_testUITests-frameworks-${CONFIGURATION}-input-files.xcfilelist",
			);
			name = "[CP] Embed Pods Frameworks";
			outputFileListPaths = (
				"${PODS_ROOT}/Target Support Files/Pods-flutter_test-flutter_testUITests/Pods-flutter_test-flutter_testUITests-frameworks-${CONFIGURATION}-output-files.xcfilelist",
			);
			runOnlyForDeploymentPostprocessing = 0;
			shellPath = /bin/sh;
			shellScript = "\"${PODS_ROOT}/Target Support Files/Pods-flutter_test-flutter_testUITests/Pods-flutter_test-flutter_testUITests-frameworks.sh\"\n";
			showEnvVarsInLog = 0;
		};
		968A00232A1DE46B00C96D05 /* ShellScript */ = {
			isa = PBXShellScriptBuildPhase;
			buildActionMask = 2147483647;
			files = (
			);
			inputFileListPaths = (
			);
			inputPaths = (
			);
			outputFileListPaths = (
			);
			outputPaths = (
			);
			runOnlyForDeploymentPostprocessing = 0;
			shellPath = /bin/sh;
			shellScript = "# Type a script or drag a script file from your workspace to insert its path.\n\"$FLUTTER_ROOT/packages/flutter_tools/bin/xcode_backend.sh\" build\n\"$FLUTTER_ROOT/packages/flutter_tools/bin/xcode_backend.sh\" embed \n";
		};
		AE17929DC472891275C4C310 /* [CP] Check Pods Manifest.lock */ = {
			isa = PBXShellScriptBuildPhase;
			buildActionMask = 2147483647;
			files = (
			);
			inputFileListPaths = (
			);
			inputPaths = (
				"${PODS_PODFILE_DIR_PATH}/Podfile.lock",
				"${PODS_ROOT}/Manifest.lock",
			);
			name = "[CP] Check Pods Manifest.lock";
			outputFileListPaths = (
			);
			outputPaths = (
				"$(DERIVED_FILE_DIR)/Pods-flutter_test-checkManifestLockResult.txt",
			);
			runOnlyForDeploymentPostprocessing = 0;
			shellPath = /bin/sh;
			shellScript = "diff \"${PODS_PODFILE_DIR_PATH}/Podfile.lock\" \"${PODS_ROOT}/Manifest.lock\" > /dev/null\nif [ $? != 0 ] ; then\n    # print error to STDERR\n    echo \"error: The sandbox is not in sync with the Podfile.lock. Run 'pod install' or update your CocoaPods installation.\" >&2\n    exit 1\nfi\n# This output is used by Xcode 'outputs' to avoid re-running this script phase.\necho \"SUCCESS\" > \"${SCRIPT_OUTPUT_FILE_0}\"\n";
			showEnvVarsInLog = 0;
		};
		B4EA98EA8CA109C2E7797055 /* [CP] Embed Pods Frameworks */ = {
			isa = PBXShellScriptBuildPhase;
			buildActionMask = 2147483647;
			files = (
			);
			inputFileListPaths = (
				"${PODS_ROOT}/Target Support Files/Pods-flutter_test/Pods-flutter_test-frameworks-${CONFIGURATION}-input-files.xcfilelist",
			);
			name = "[CP] Embed Pods Frameworks";
			outputFileListPaths = (
				"${PODS_ROOT}/Target Support Files/Pods-flutter_test/Pods-flutter_test-frameworks-${CONFIGURATION}-output-files.xcfilelist",
			);
			runOnlyForDeploymentPostprocessing = 0;
			shellPath = /bin/sh;
			shellScript = "\"${PODS_ROOT}/Target Support Files/Pods-flutter_test/Pods-flutter_test-frameworks.sh\"\n";
			showEnvVarsInLog = 0;
		};
		D9988C788C9EFCA3108748D7 /* [CP-User] Run Flutter Build flutter_module Script */ = {
			isa = PBXShellScriptBuildPhase;
			buildActionMask = 2147483647;
			files = (
			);
			name = "[CP-User] Run Flutter Build flutter_module Script";
			runOnlyForDeploymentPostprocessing = 0;
			shellPath = /bin/sh;
			shellScript = "set -e\nset -u\nsource \"${SRCROOT}/../flutter_module/.ios/Flutter/flutter_export_environment.sh\"\nexport VERBOSE_SCRIPT_LOGGING=1 && \"$FLUTTER_ROOT\"/packages/flutter_tools/bin/xcode_backend.sh build";
		};
		F40AE5B35BE94FBDF7D96D31 /* [CP] Check Pods Manifest.lock */ = {
			isa = PBXShellScriptBuildPhase;
			buildActionMask = 2147483647;
			files = (
			);
			inputFileListPaths = (
			);
			inputPaths = (
				"${PODS_PODFILE_DIR_PATH}/Podfile.lock",
				"${PODS_ROOT}/Manifest.lock",
			);
			name = "[CP] Check Pods Manifest.lock";
			outputFileListPaths = (
			);
			outputPaths = (
				"$(DERIVED_FILE_DIR)/Pods-flutter_testTests-checkManifestLockResult.txt",
			);
			runOnlyForDeploymentPostprocessing = 0;
			shellPath = /bin/sh;
			shellScript = "diff \"${PODS_PODFILE_DIR_PATH}/Podfile.lock\" \"${PODS_ROOT}/Manifest.lock\" > /dev/null\nif [ $? != 0 ] ; then\n    # print error to STDERR\n    echo \"error: The sandbox is not in sync with the Podfile.lock. Run 'pod install' or update your CocoaPods installation.\" >&2\n    exit 1\nfi\n# This output is used by Xcode 'outputs' to avoid re-running this script phase.\necho \"SUCCESS\" > \"${SCRIPT_OUTPUT_FILE_0}\"\n";
			showEnvVarsInLog = 0;
		};
		FD4392BC62C6BCA755D1515F /* [CP] Check Pods Manifest.lock */ = {
			isa = PBXShellScriptBuildPhase;
			buildActionMask = 2147483647;
			files = (
			);
			inputFileListPaths = (
			);
			inputPaths = (
				"${PODS_PODFILE_DIR_PATH}/Podfile.lock",
				"${PODS_ROOT}/Manifest.lock",
			);
			name = "[CP] Check Pods Manifest.lock";
			outputFileListPaths = (
			);
			outputPaths = (
				"$(DERIVED_FILE_DIR)/Pods-flutter_test-flutter_testUITests-checkManifestLockResult.txt",
			);
			runOnlyForDeploymentPostprocessing = 0;
			shellPath = /bin/sh;
			shellScript = "diff \"${PODS_PODFILE_DIR_PATH}/Podfile.lock\" \"${PODS_ROOT}/Manifest.lock\" > /dev/null\nif [ $? != 0 ] ; then\n    # print error to STDERR\n    echo \"error: The sandbox is not in sync with the Podfile.lock. Run 'pod install' or update your CocoaPods installation.\" >&2\n    exit 1\nfi\n# This output is used by Xcode 'outputs' to avoid re-running this script phase.\necho \"SUCCESS\" > \"${SCRIPT_OUTPUT_FILE_0}\"\n";
			showEnvVarsInLog = 0;
		};
/* End PBXShellScriptBuildPhase section */

/* Begin PBXSourcesBuildPhase section */
		968A00022A1DB44000C96D05 /* Sources */ = {
			isa = PBXSourcesBuildPhase;
			buildActionMask = 2147483647;
			files = (
				968A000B2A1DB44000C96D05 /* flutter_testTests.swift in Sources */,
			);
			runOnlyForDeploymentPostprocessing = 0;
		};
		968A000C2A1DB44000C96D05 /* Sources */ = {
			isa = PBXSourcesBuildPhase;
			buildActionMask = 2147483647;
			files = (
				968A00152A1DB44000C96D05 /* flutter_testUITests.swift in Sources */,
				968A00172A1DB44000C96D05 /* flutter_testUITestsLaunchTests.swift in Sources */,
			);
			runOnlyForDeploymentPostprocessing = 0;
		};
		968AFFEC2A1DB43F00C96D05 /* Sources */ = {
			isa = PBXSourcesBuildPhase;
			buildActionMask = 2147483647;
			files = (
				968AFFF82A1DB43F00C96D05 /* ViewController.swift in Sources */,
				968AFFF42A1DB43F00C96D05 /* AppDelegate.swift in Sources */,
				968AFFF62A1DB43F00C96D05 /* SceneDelegate.swift in Sources */,
			);
			runOnlyForDeploymentPostprocessing = 0;
		};
/* End PBXSourcesBuildPhase section */

/* Begin PBXTargetDependency section */
		968A00082A1DB44000C96D05 /* PBXTargetDependency */ = {
			isa = PBXTargetDependency;
			target = 968AFFEF2A1DB43F00C96D05 /* flutter_test */;
			targetProxy = 968A00072A1DB44000C96D05 /* PBXContainerItemProxy */;
		};
		968A00122A1DB44000C96D05 /* PBXTargetDependency */ = {
			isa = PBXTargetDependency;
			target = 968AFFEF2A1DB43F00C96D05 /* flutter_test */;
			targetProxy = 968A00112A1DB44000C96D05 /* PBXContainerItemProxy */;
		};
/* End PBXTargetDependency section */

/* Begin PBXVariantGroup section */
		968AFFF92A1DB43F00C96D05 /* Main.storyboard */ = {
			isa = PBXVariantGroup;
			children = (
				968AFFFA2A1DB43F00C96D05 /* Base */,
			);
			name = Main.storyboard;
			sourceTree = "<group>";
		};
		968AFFFE2A1DB44000C96D05 /* LaunchScreen.storyboard */ = {
			isa = PBXVariantGroup;
			children = (
				968AFFFF2A1DB44000C96D05 /* Base */,
			);
			name = LaunchScreen.storyboard;
			sourceTree = "<group>";
		};
/* End PBXVariantGroup section */

/* Begin XCBuildConfiguration section */
		968A00182A1DB44000C96D05 /* Debug */ = {
			isa = XCBuildConfiguration;
			buildSettings = {
				ALWAYS_SEARCH_USER_PATHS = NO;
				CLANG_ANALYZER_NONNULL = YES;
				CLANG_ANALYZER_NUMBER_OBJECT_CONVERSION = YES_AGGRESSIVE;
				CLANG_CXX_LANGUAGE_STANDARD = "gnu++20";
				CLANG_ENABLE_MODULES = YES;
				CLANG_ENABLE_OBJC_ARC = YES;
				CLANG_ENABLE_OBJC_WEAK = YES;
				CLANG_WARN_BLOCK_CAPTURE_AUTORELEASING = YES;
				CLANG_WARN_BOOL_CONVERSION = YES;
				CLANG_WARN_COMMA = YES;
				CLANG_WARN_CONSTANT_CONVERSION = YES;
				CLANG_WARN_DEPRECATED_OBJC_IMPLEMENTATIONS = YES;
				CLANG_WARN_DIRECT_OBJC_ISA_USAGE = YES_ERROR;
				CLANG_WARN_DOCUMENTATION_COMMENTS = YES;
				CLANG_WARN_EMPTY_BODY = YES;
				CLANG_WARN_ENUM_CONVERSION = YES;
				CLANG_WARN_INFINITE_RECURSION = YES;
				CLANG_WARN_INT_CONVERSION = YES;
				CLANG_WARN_NON_LITERAL_NULL_CONVERSION = YES;
				CLANG_WARN_OBJC_IMPLICIT_RETAIN_SELF = YES;
				CLANG_WARN_OBJC_LITERAL_CONVERSION = YES;
				CLANG_WARN_OBJC_ROOT_CLASS = YES_ERROR;
				CLANG_WARN_QUOTED_INCLUDE_IN_FRAMEWORK_HEADER = YES;
				CLANG_WARN_RANGE_LOOP_ANALYSIS = YES;
				CLANG_WARN_STRICT_PROTOTYPES = YES;
				CLANG_WARN_SUSPICIOUS_MOVE = YES;
				CLANG_WARN_UNGUARDED_AVAILABILITY = YES_AGGRESSIVE;
				CLANG_WARN_UNREACHABLE_CODE = YES;
				CLANG_WARN__DUPLICATE_METHOD_MATCH = YES;
				COPY_PHASE_STRIP = NO;
				DEBUG_INFORMATION_FORMAT = dwarf;
				ENABLE_STRICT_OBJC_MSGSEND = YES;
				ENABLE_TESTABILITY = YES;
				GCC_C_LANGUAGE_STANDARD = gnu11;
				GCC_DYNAMIC_NO_PIC = NO;
				GCC_NO_COMMON_BLOCKS = YES;
				GCC_OPTIMIZATION_LEVEL = 0;
				GCC_PREPROCESSOR_DEFINITIONS = (
					"DEBUG=1",
					"$(inherited)",
				);
				GCC_WARN_64_TO_32_BIT_CONVERSION = YES;
				GCC_WARN_ABOUT_RETURN_TYPE = YES_ERROR;
				GCC_WARN_UNDECLARED_SELECTOR = YES;
				GCC_WARN_UNINITIALIZED_AUTOS = YES_AGGRESSIVE;
				GCC_WARN_UNUSED_FUNCTION = YES;
				GCC_WARN_UNUSED_VARIABLE = YES;
				IPHONEOS_DEPLOYMENT_TARGET = 16.1;
				MTL_ENABLE_DEBUG_INFO = INCLUDE_SOURCE;
				MTL_FAST_MATH = YES;
				ONLY_ACTIVE_ARCH = YES;
				SDKROOT = iphoneos;
				SWIFT_ACTIVE_COMPILATION_CONDITIONS = DEBUG;
				SWIFT_OPTIMIZATION_LEVEL = "-Onone";
			};
			name = Debug;
		};
		968A00192A1DB44000C96D05 /* Release */ = {
			isa = XCBuildConfiguration;
			buildSettings = {
				ALWAYS_SEARCH_USER_PATHS = NO;
				CLANG_ANALYZER_NONNULL = YES;
				CLANG_ANALYZER_NUMBER_OBJECT_CONVERSION = YES_AGGRESSIVE;
				CLANG_CXX_LANGUAGE_STANDARD = "gnu++20";
				CLANG_ENABLE_MODULES = YES;
				CLANG_ENABLE_OBJC_ARC = YES;
				CLANG_ENABLE_OBJC_WEAK = YES;
				CLANG_WARN_BLOCK_CAPTURE_AUTORELEASING = YES;
				CLANG_WARN_BOOL_CONVERSION = YES;
				CLANG_WARN_COMMA = YES;
				CLANG_WARN_CONSTANT_CONVERSION = YES;
				CLANG_WARN_DEPRECATED_OBJC_IMPLEMENTATIONS = YES;
				CLANG_WARN_DIRECT_OBJC_ISA_USAGE = YES_ERROR;
				CLANG_WARN_DOCUMENTATION_COMMENTS = YES;
				CLANG_WARN_EMPTY_BODY = YES;
				CLANG_WARN_ENUM_CONVERSION = YES;
				CLANG_WARN_INFINITE_RECURSION = YES;
				CLANG_WARN_INT_CONVERSION = YES;
				CLANG_WARN_NON_LITERAL_NULL_CONVERSION = YES;
				CLANG_WARN_OBJC_IMPLICIT_RETAIN_SELF = YES;
				CLANG_WARN_OBJC_LITERAL_CONVERSION = YES;
				CLANG_WARN_OBJC_ROOT_CLASS = YES_ERROR;
				CLANG_WARN_QUOTED_INCLUDE_IN_FRAMEWORK_HEADER = YES;
				CLANG_WARN_RANGE_LOOP_ANALYSIS = YES;
				CLANG_WARN_STRICT_PROTOTYPES = YES;
				CLANG_WARN_SUSPICIOUS_MOVE = YES;
				CLANG_WARN_UNGUARDED_AVAILABILITY = YES_AGGRESSIVE;
				CLANG_WARN_UNREACHABLE_CODE = YES;
				CLANG_WARN__DUPLICATE_METHOD_MATCH = YES;
				COPY_PHASE_STRIP = NO;
				DEBUG_INFORMATION_FORMAT = "dwarf-with-dsym";
				ENABLE_NS_ASSERTIONS = NO;
				ENABLE_STRICT_OBJC_MSGSEND = YES;
				GCC_C_LANGUAGE_STANDARD = gnu11;
				GCC_NO_COMMON_BLOCKS = YES;
				GCC_WARN_64_TO_32_BIT_CONVERSION = YES;
				GCC_WARN_ABOUT_RETURN_TYPE = YES_ERROR;
				GCC_WARN_UNDECLARED_SELECTOR = YES;
				GCC_WARN_UNINITIALIZED_AUTOS = YES_AGGRESSIVE;
				GCC_WARN_UNUSED_FUNCTION = YES;
				GCC_WARN_UNUSED_VARIABLE = YES;
				IPHONEOS_DEPLOYMENT_TARGET = 16.1;
				MTL_ENABLE_DEBUG_INFO = NO;
				MTL_FAST_MATH = YES;
				SDKROOT = iphoneos;
				SWIFT_COMPILATION_MODE = wholemodule;
				SWIFT_OPTIMIZATION_LEVEL = "-O";
				VALIDATE_PRODUCT = YES;
			};
			name = Release;
		};
		968A001B2A1DB44000C96D05 /* Debug */ = {
			isa = XCBuildConfiguration;
			baseConfigurationReference = 54158D9650F9C753FF1EC79B /* Pods-flutter_test.debug.xcconfig */;
			buildSettings = {
				ASSETCATALOG_COMPILER_APPICON_NAME = AppIcon;
				ASSETCATALOG_COMPILER_GLOBAL_ACCENT_COLOR_NAME = AccentColor;
				CODE_SIGN_STYLE = Automatic;
				CURRENT_PROJECT_VERSION = 1;
				DEVELOPMENT_TEAM = R2AK7R7W78;
				FLUTTER_APPLICATION_PATH = /Users/xpzi/Downloads/fluttertest/flutter_module;
				FLUTTER_ROOT = /Users/xpzi/Flutter/flutter3.7.7;
				GENERATE_INFOPLIST_FILE = YES;
				INFOPLIST_FILE = flutter_test/Info.plist;
				INFOPLIST_KEY_UIApplicationSupportsIndirectInputEvents = YES;
				INFOPLIST_KEY_UILaunchStoryboardName = LaunchScreen;
				INFOPLIST_KEY_UIMainStoryboardFile = Main;
				INFOPLIST_KEY_UISupportedInterfaceOrientations_iPad = "UIInterfaceOrientationPortrait UIInterfaceOrientationPortraitUpsideDown UIInterfaceOrientationLandscapeLeft UIInterfaceOrientationLandscapeRight";
				INFOPLIST_KEY_UISupportedInterfaceOrientations_iPhone = "UIInterfaceOrientationPortrait UIInterfaceOrientationLandscapeLeft UIInterfaceOrientationLandscapeRight";
				LD_RUNPATH_SEARCH_PATHS = (
					"$(inherited)",
					"@executable_path/Frameworks",
				);
				MARKETING_VERSION = 1.0;
				PRODUCT_BUNDLE_IDENTIFIER = "xpz.flutter-test";
				PRODUCT_NAME = "$(TARGET_NAME)";
				SUPPORTED_PLATFORMS = "iphoneos iphonesimulator";
				SUPPORTS_MACCATALYST = NO;
				SUPPORTS_MAC_DESIGNED_FOR_IPHONE_IPAD = NO;
				SWIFT_EMIT_LOC_STRINGS = YES;
				SWIFT_VERSION = 5.0;
				TARGETED_DEVICE_FAMILY = "1,2";
			};
			name = Debug;
		};
		968A001C2A1DB44000C96D05 /* Release */ = {
			isa = XCBuildConfiguration;
			baseConfigurationReference = E03623A3266EC77F393021EF /* Pods-flutter_test.release.xcconfig */;
			buildSettings = {
				ASSETCATALOG_COMPILER_APPICON_NAME = AppIcon;
				ASSETCATALOG_COMPILER_GLOBAL_ACCENT_COLOR_NAME = AccentColor;
				CODE_SIGN_STYLE = Automatic;
				CURRENT_PROJECT_VERSION = 1;
				DEVELOPMENT_TEAM = R2AK7R7W78;
				FLUTTER_APPLICATION_PATH = /Users/xpzi/Downloads/fluttertest/flutter_module;
				FLUTTER_ROOT = /Users/xpzi/Flutter/flutter3.7.7;
				GENERATE_INFOPLIST_FILE = YES;
				INFOPLIST_FILE = flutter_test/Info.plist;
				INFOPLIST_KEY_UIApplicationSupportsIndirectInputEvents = YES;
				INFOPLIST_KEY_UILaunchStoryboardName = LaunchScreen;
				INFOPLIST_KEY_UIMainStoryboardFile = Main;
				INFOPLIST_KEY_UISupportedInterfaceOrientations_iPad = "UIInterfaceOrientationPortrait UIInterfaceOrientationPortraitUpsideDown UIInterfaceOrientationLandscapeLeft UIInterfaceOrientationLandscapeRight";
				INFOPLIST_KEY_UISupportedInterfaceOrientations_iPhone = "UIInterfaceOrientationPortrait UIInterfaceOrientationLandscapeLeft UIInterfaceOrientationLandscapeRight";
				LD_RUNPATH_SEARCH_PATHS = (
					"$(inherited)",
					"@executable_path/Frameworks",
				);
				MARKETING_VERSION = 1.0;
				PRODUCT_BUNDLE_IDENTIFIER = "xpz.flutter-test";
				PRODUCT_NAME = "$(TARGET_NAME)";
				SUPPORTED_PLATFORMS = "iphoneos iphonesimulator";
				SUPPORTS_MACCATALYST = NO;
				SUPPORTS_MAC_DESIGNED_FOR_IPHONE_IPAD = NO;
				SWIFT_EMIT_LOC_STRINGS = YES;
				SWIFT_VERSION = 5.0;
				TARGETED_DEVICE_FAMILY = "1,2";
			};
			name = Release;
		};
		968A001E2A1DB44000C96D05 /* Debug */ = {
			isa = XCBuildConfiguration;
			baseConfigurationReference = 9165592CAC1271A85B77BBA3 /* Pods-flutter_testTests.debug.xcconfig */;
			buildSettings = {
				ALWAYS_EMBED_SWIFT_STANDARD_LIBRARIES = YES;
				BUNDLE_LOADER = "$(TEST_HOST)";
				CODE_SIGN_STYLE = Automatic;
				CURRENT_PROJECT_VERSION = 1;
				DEVELOPMENT_TEAM = R2AK7R7W78;
				GENERATE_INFOPLIST_FILE = YES;
				IPHONEOS_DEPLOYMENT_TARGET = 16.1;
				MARKETING_VERSION = 1.0;
				PRODUCT_BUNDLE_IDENTIFIER = "xpz.flutter-testTests";
				PRODUCT_NAME = "$(TARGET_NAME)";
				SWIFT_EMIT_LOC_STRINGS = NO;
				SWIFT_VERSION = 5.0;
				TARGETED_DEVICE_FAMILY = "1,2";
				TEST_HOST = "$(BUILT_PRODUCTS_DIR)/flutter_test.app/$(BUNDLE_EXECUTABLE_FOLDER_PATH)/flutter_test";
			};
			name = Debug;
		};
		968A001F2A1DB44000C96D05 /* Release */ = {
			isa = XCBuildConfiguration;
			baseConfigurationReference = 04F15AA14DFCB19FA89B4E12 /* Pods-flutter_testTests.release.xcconfig */;
			buildSettings = {
				ALWAYS_EMBED_SWIFT_STANDARD_LIBRARIES = YES;
				BUNDLE_LOADER = "$(TEST_HOST)";
				CODE_SIGN_STYLE = Automatic;
				CURRENT_PROJECT_VERSION = 1;
				DEVELOPMENT_TEAM = R2AK7R7W78;
				GENERATE_INFOPLIST_FILE = YES;
				IPHONEOS_DEPLOYMENT_TARGET = 16.1;
				MARKETING_VERSION = 1.0;
				PRODUCT_BUNDLE_IDENTIFIER = "xpz.flutter-testTests";
				PRODUCT_NAME = "$(TARGET_NAME)";
				SWIFT_EMIT_LOC_STRINGS = NO;
				SWIFT_VERSION = 5.0;
				TARGETED_DEVICE_FAMILY = "1,2";
				TEST_HOST = "$(BUILT_PRODUCTS_DIR)/flutter_test.app/$(BUNDLE_EXECUTABLE_FOLDER_PATH)/flutter_test";
			};
			name = Release;
		};
		968A00212A1DB44000C96D05 /* Debug */ = {
			isa = XCBuildConfiguration;
			baseConfigurationReference = 5FD74CB51E4F9065257F339E /* Pods-flutter_test-flutter_testUITests.debug.xcconfig */;
			buildSettings = {
				ALWAYS_EMBED_SWIFT_STANDARD_LIBRARIES = YES;
				CODE_SIGN_STYLE = Automatic;
				CURRENT_PROJECT_VERSION = 1;
				DEVELOPMENT_TEAM = R2AK7R7W78;
				GENERATE_INFOPLIST_FILE = YES;
				MARKETING_VERSION = 1.0;
				PRODUCT_BUNDLE_IDENTIFIER = "xpz.flutter-testUITests";
				PRODUCT_NAME = "$(TARGET_NAME)";
				SWIFT_EMIT_LOC_STRINGS = NO;
				SWIFT_VERSION = 5.0;
				TARGETED_DEVICE_FAMILY = "1,2";
				TEST_TARGET_NAME = flutter_test;
			};
			name = Debug;
		};
		968A00222A1DB44000C96D05 /* Release */ = {
			isa = XCBuildConfiguration;
			baseConfigurationReference = B945B77A1E86AABD11B9DA2C /* Pods-flutter_test-flutter_testUITests.release.xcconfig */;
			buildSettings = {
				ALWAYS_EMBED_SWIFT_STANDARD_LIBRARIES = YES;
				CODE_SIGN_STYLE = Automatic;
				CURRENT_PROJECT_VERSION = 1;
				DEVELOPMENT_TEAM = R2AK7R7W78;
				GENERATE_INFOPLIST_FILE = YES;
				MARKETING_VERSION = 1.0;
				PRODUCT_BUNDLE_IDENTIFIER = "xpz.flutter-testUITests";
				PRODUCT_NAME = "$(TARGET_NAME)";
				SWIFT_EMIT_LOC_STRINGS = NO;
				SWIFT_VERSION = 5.0;
				TARGETED_DEVICE_FAMILY = "1,2";
				TEST_TARGET_NAME = flutter_test;
			};
			name = Release;
		};
/* End XCBuildConfiguration section */

/* Begin XCConfigurationList section */
		968A001A2A1DB44000C96D05 /* Build configuration list for PBXNativeTarget "flutter_test" */ = {
			isa = XCConfigurationList;
			buildConfigurations = (
				968A001B2A1DB44000C96D05 /* Debug */,
				968A001C2A1DB44000C96D05 /* Release */,
			);
			defaultConfigurationIsVisible = 0;
			defaultConfigurationName = Release;
		};
		968A001D2A1DB44000C96D05 /* Build configuration list for PBXNativeTarget "flutter_testTests" */ = {
			isa = XCConfigurationList;
			buildConfigurations = (
				968A001E2A1DB44000C96D05 /* Debug */,
				968A001F2A1DB44000C96D05 /* Release */,
			);
			defaultConfigurationIsVisible = 0;
			defaultConfigurationName = Release;
		};
		968A00202A1DB44000C96D05 /* Build configuration list for PBXNativeTarget "flutter_testUITests" */ = {
			isa = XCConfigurationList;
			buildConfigurations = (
				968A00212A1DB44000C96D05 /* Debug */,
				968A00222A1DB44000C96D05 /* Release */,
			);
			defaultConfigurationIsVisible = 0;
			defaultConfigurationName = Release;
		};
		968AFFEB2A1DB43F00C96D05 /* Build configuration list for PBXProject "flutter_test" */ = {
			isa = XCConfigurationList;
			buildConfigurations = (
				968A00182A1DB44000C96D05 /* Debug */,
				968A00192A1DB44000C96D05 /* Release */,
			);
			defaultConfigurationIsVisible = 0;
			defaultConfigurationName = Release;
		};
/* End XCConfigurationList section */
	};
	rootObject = 968AFFE82A1DB43F00C96D05 /* Project object */;
}
