// !$*UTF8*$!
{
	archiveVersion = 1;
	classes = {
	};
	objectVersion = 56;
	objects = {

/* Begin PBXBuildFile section */
		5296F5036CBF54F3904287CA /* Pods_SwiftNativeTests.framework in Frameworks */ = {isa = PBXBuildFile; fileRef = BD8DAD27F7BBF257BB870385 /* Pods_SwiftNativeTests.framework */; };
		968A00322A1E0C9600C96D05 /* AppDelegate.swift in Sources */ = {isa = PBXBuildFile; fileRef = 968A00312A1E0C9600C96D05 /* AppDelegate.swift */; };
		968A00342A1E0C9600C96D05 /* SceneDelegate.swift in Sources */ = {isa = PBXBuildFile; fileRef = 968A00332A1E0C9600C96D05 /* SceneDelegate.swift */; };
		968A00362A1E0C9600C96D05 /* ViewController.swift in Sources */ = {isa = PBXBuildFile; fileRef = 968A00352A1E0C9600C96D05 /* ViewController.swift */; };
		968A00392A1E0C9600C96D05 /* Main.storyboard in Resources */ = {isa = PBXBuildFile; fileRef = 968A00372A1E0C9600C96D05 /* Main.storyboard */; };
		968A003B2A1E0C9800C96D05 /* Assets.xcassets in Resources */ = {isa = PBXBuildFile; fileRef = 968A003A2A1E0C9800C96D05 /* Assets.xcassets */; };
		968A003E2A1E0C9800C96D05 /* LaunchScreen.storyboard in Resources */ = {isa = PBXBuildFile; fileRef = 968A003C2A1E0C9800C96D05 /* LaunchScreen.storyboard */; };
		968A00492A1E0C9800C96D05 /* SwiftNativeTests.swift in Sources */ = {isa = PBXBuildFile; fileRef = 968A00482A1E0C9800C96D05 /* SwiftNativeTests.swift */; };
		968A00532A1E0C9800C96D05 /* SwiftNativeUITests.swift in Sources */ = {isa = PBXBuildFile; fileRef = 968A00522A1E0C9800C96D05 /* SwiftNativeUITests.swift */; };
		968A00552A1E0C9800C96D05 /* SwiftNativeUITestsLaunchTests.swift in Sources */ = {isa = PBXBuildFile; fileRef = 968A00542A1E0C9800C96D05 /* SwiftNativeUITestsLaunchTests.swift */; };
		A1581E54A4761FAF0E1E1FD3 /* Pods_SwiftNative.framework in Frameworks */ = {isa = PBXBuildFile; fileRef = 76BA56FEEAF53B03481BBAC1 /* Pods_SwiftNative.framework */; };
		BC95076923CDB6314EBDF680 /* Pods_SwiftNative_SwiftNativeUITests.framework in Frameworks */ = {isa = PBXBuildFile; fileRef = D1610FF251DD2F1839790293 /* Pods_SwiftNative_SwiftNativeUITests.framework */; };
/* End PBXBuildFile section */

/* Begin PBXContainerItemProxy section */
		968A00452A1E0C9800C96D05 /* PBXContainerItemProxy */ = {
			isa = PBXContainerItemProxy;
			containerPortal = 968A00262A1E0C9600C96D05 /* Project object */;
			proxyType = 1;
			remoteGlobalIDString = 968A002D2A1E0C9600C96D05;
			remoteInfo = SwiftNative;
		};
		968A004F2A1E0C9800C96D05 /* PBXContainerItemProxy */ = {
			isa = PBXContainerItemProxy;
			containerPortal = 968A00262A1E0C9600C96D05 /* Project object */;
			proxyType = 1;
			remoteGlobalIDString = 968A002D2A1E0C9600C96D05;
			remoteInfo = SwiftNative;
		};
/* End PBXContainerItemProxy section */

/* Begin PBXFileReference section */
		4256439B6DCBC9C2BD1454F2 /* Pods-SwiftNative.debug.xcconfig */ = {isa = PBXFileReference; includeInIndex = 1; lastKnownFileType = text.xcconfig; name = "Pods-SwiftNative.debug.xcconfig"; path = "Target Support Files/Pods-SwiftNative/Pods-SwiftNative.debug.xcconfig"; sourceTree = "<group>"; };
		76BA56FEEAF53B03481BBAC1 /* Pods_SwiftNative.framework */ = {isa = PBXFileReference; explicitFileType = wrapper.framework; includeInIndex = 0; path = Pods_SwiftNative.framework; sourceTree = BUILT_PRODUCTS_DIR; };
		7E83F5926AC477A42ABA1DC8 /* Pods-SwiftNative-SwiftNativeUITests.debug.xcconfig */ = {isa = PBXFileReference; includeInIndex = 1; lastKnownFileType = text.xcconfig; name = "Pods-SwiftNative-SwiftNativeUITests.debug.xcconfig"; path = "Target Support Files/Pods-SwiftNative-SwiftNativeUITests/Pods-SwiftNative-SwiftNativeUITests.debug.xcconfig"; sourceTree = "<group>"; };
		968A002E2A1E0C9600C96D05 /* SwiftNative.app */ = {isa = PBXFileReference; explicitFileType = wrapper.application; includeInIndex = 0; path = SwiftNative.app; sourceTree = BUILT_PRODUCTS_DIR; };
		968A00312A1E0C9600C96D05 /* AppDelegate.swift */ = {isa = PBXFileReference; lastKnownFileType = sourcecode.swift; path = AppDelegate.swift; sourceTree = "<group>"; };
		968A00332A1E0C9600C96D05 /* SceneDelegate.swift */ = {isa = PBXFileReference; lastKnownFileType = sourcecode.swift; path = SceneDelegate.swift; sourceTree = "<group>"; };
		968A00352A1E0C9600C96D05 /* ViewController.swift */ = {isa = PBXFileReference; lastKnownFileType = sourcecode.swift; path = ViewController.swift; sourceTree = "<group>"; };
		968A00382A1E0C9600C96D05 /* Base */ = {isa = PBXFileReference; lastKnownFileType = file.storyboard; name = Base; path = Base.lproj/Main.storyboard; sourceTree = "<group>"; };
		968A003A2A1E0C9800C96D05 /* Assets.xcassets */ = {isa = PBXFileReference; lastKnownFileType = folder.assetcatalog; path = Assets.xcassets; sourceTree = "<group>"; };
		968A003D2A1E0C9800C96D05 /* Base */ = {isa = PBXFileReference; lastKnownFileType = file.storyboard; name = Base; path = Base.lproj/LaunchScreen.storyboard; sourceTree = "<group>"; };
		968A003F2A1E0C9800C96D05 /* Info.plist */ = {isa = PBXFileReference; lastKnownFileType = text.plist.xml; path = Info.plist; sourceTree = "<group>"; };
		968A00442A1E0C9800C96D05 /* SwiftNativeTests.xctest */ = {isa = PBXFileReference; explicitFileType = wrapper.cfbundle; includeInIndex = 0; path = SwiftNativeTests.xctest; sourceTree = BUILT_PRODUCTS_DIR; };
		968A00482A1E0C9800C96D05 /* SwiftNativeTests.swift */ = {isa = PBXFileReference; lastKnownFileType = sourcecode.swift; path = SwiftNativeTests.swift; sourceTree = "<group>"; };
		968A004E2A1E0C9800C96D05 /* SwiftNativeUITests.xctest */ = {isa = PBXFileReference; explicitFileType = wrapper.cfbundle; includeInIndex = 0; path = SwiftNativeUITests.xctest; sourceTree = BUILT_PRODUCTS_DIR; };
		968A00522A1E0C9800C96D05 /* SwiftNativeUITests.swift */ = {isa = PBXFileReference; lastKnownFileType = sourcecode.swift; path = SwiftNativeUITests.swift; sourceTree = "<group>"; };
		968A00542A1E0C9800C96D05 /* SwiftNativeUITestsLaunchTests.swift */ = {isa = PBXFileReference; lastKnownFileType = sourcecode.swift; path = SwiftNativeUITestsLaunchTests.swift; sourceTree = "<group>"; };
		B104B47DB2CF0B3BD4450EF2 /* Pods-SwiftNativeTests.release.xcconfig */ = {isa = PBXFileReference; includeInIndex = 1; lastKnownFileType = text.xcconfig; name = "Pods-SwiftNativeTests.release.xcconfig"; path = "Target Support Files/Pods-SwiftNativeTests/Pods-SwiftNativeTests.release.xcconfig"; sourceTree = "<group>"; };
		BD8DAD27F7BBF257BB870385 /* Pods_SwiftNativeTests.framework */ = {isa = PBXFileReference; explicitFileType = wrapper.framework; includeInIndex = 0; path = Pods_SwiftNativeTests.framework; sourceTree = BUILT_PRODUCTS_DIR; };
		D1610FF251DD2F1839790293 /* Pods_SwiftNative_SwiftNativeUITests.framework */ = {isa = PBXFileReference; explicitFileType = wrapper.framework; includeInIndex = 0; path = Pods_SwiftNative_SwiftNativeUITests.framework; sourceTree = BUILT_PRODUCTS_DIR; };
		E68D2FDE2322CFE124C7C99F /* Pods-SwiftNative.release.xcconfig */ = {isa = PBXFileReference; includeInIndex = 1; lastKnownFileType = text.xcconfig; name = "Pods-SwiftNative.release.xcconfig"; path = "Target Support Files/Pods-SwiftNative/Pods-SwiftNative.release.xcconfig"; sourceTree = "<group>"; };
		F8CDA259D6B6CB99B3211F72 /* Pods-SwiftNative-SwiftNativeUITests.release.xcconfig */ = {isa = PBXFileReference; includeInIndex = 1; lastKnownFileType = text.xcconfig; name = "Pods-SwiftNative-SwiftNativeUITests.release.xcconfig"; path = "Target Support Files/Pods-SwiftNative-SwiftNativeUITests/Pods-SwiftNative-SwiftNativeUITests.release.xcconfig"; sourceTree = "<group>"; };
		FE6FE9BD3FF9A36E0D1A7C11 /* Pods-SwiftNativeTests.debug.xcconfig */ = {isa = PBXFileReference; includeInIndex = 1; lastKnownFileType = text.xcconfig; name = "Pods-SwiftNativeTests.debug.xcconfig"; path = "Target Support Files/Pods-SwiftNativeTests/Pods-SwiftNativeTests.debug.xcconfig"; sourceTree = "<group>"; };
/* End PBXFileReference section */

/* Begin PBXFrameworksBuildPhase section */
		968A002B2A1E0C9600C96D05 /* Frameworks */ = {
			isa = PBXFrameworksBuildPhase;
			buildActionMask = 2147483647;
			files = (
				A1581E54A4761FAF0E1E1FD3 /* Pods_SwiftNative.framework in Frameworks */,
			);
			runOnlyForDeploymentPostprocessing = 0;
		};
		968A00412A1E0C9800C96D05 /* Frameworks */ = {
			isa = PBXFrameworksBuildPhase;
			buildActionMask = 2147483647;
			files = (
				5296F5036CBF54F3904287CA /* Pods_SwiftNativeTests.framework in Frameworks */,
			);
			runOnlyForDeploymentPostprocessing = 0;
		};
		968A004B2A1E0C9800C96D05 /* Frameworks */ = {
			isa = PBXFrameworksBuildPhase;
			buildActionMask = 2147483647;
			files = (
				BC95076923CDB6314EBDF680 /* Pods_SwiftNative_SwiftNativeUITests.framework in Frameworks */,
			);
			runOnlyForDeploymentPostprocessing = 0;
		};
/* End PBXFrameworksBuildPhase section */

/* Begin PBXGroup section */
		968A00252A1E0C9600C96D05 = {
			isa = PBXGroup;
			children = (
				968A00302A1E0C9600C96D05 /* SwiftNative */,
				968A00472A1E0C9800C96D05 /* SwiftNativeTests */,
				968A00512A1E0C9800C96D05 /* SwiftNativeUITests */,
				968A002F2A1E0C9600C96D05 /* Products */,
				C203C2B74BCD27C7CB342BCF /* Pods */,
				993E15F6B705D98F04561853 /* Frameworks */,
			);
			sourceTree = "<group>";
		};
		968A002F2A1E0C9600C96D05 /* Products */ = {
			isa = PBXGroup;
			children = (
				968A002E2A1E0C9600C96D05 /* SwiftNative.app */,
				968A00442A1E0C9800C96D05 /* SwiftNativeTests.xctest */,
				968A004E2A1E0C9800C96D05 /* SwiftNativeUITests.xctest */,
			);
			name = Products;
			sourceTree = "<group>";
		};
		968A00302A1E0C9600C96D05 /* SwiftNative */ = {
			isa = PBXGroup;
			children = (
				968A00312A1E0C9600C96D05 /* AppDelegate.swift */,
				968A00332A1E0C9600C96D05 /* SceneDelegate.swift */,
				968A00352A1E0C9600C96D05 /* ViewController.swift */,
				968A00372A1E0C9600C96D05 /* Main.storyboard */,
				968A003A2A1E0C9800C96D05 /* Assets.xcassets */,
				968A003C2A1E0C9800C96D05 /* LaunchScreen.storyboard */,
				968A003F2A1E0C9800C96D05 /* Info.plist */,
			);
			path = SwiftNative;
			sourceTree = "<group>";
		};
		968A00472A1E0C9800C96D05 /* SwiftNativeTests */ = {
			isa = PBXGroup;
			children = (
				968A00482A1E0C9800C96D05 /* SwiftNativeTests.swift */,
			);
			path = SwiftNativeTests;
			sourceTree = "<group>";
		};
		968A00512A1E0C9800C96D05 /* SwiftNativeUITests */ = {
			isa = PBXGroup;
			children = (
				968A00522A1E0C9800C96D05 /* SwiftNativeUITests.swift */,
				968A00542A1E0C9800C96D05 /* SwiftNativeUITestsLaunchTests.swift */,
			);
			path = SwiftNativeUITests;
			sourceTree = "<group>";
		};
		993E15F6B705D98F04561853 /* Frameworks */ = {
			isa = PBXGroup;
			children = (
				76BA56FEEAF53B03481BBAC1 /* Pods_SwiftNative.framework */,
				D1610FF251DD2F1839790293 /* Pods_SwiftNative_SwiftNativeUITests.framework */,
				BD8DAD27F7BBF257BB870385 /* Pods_SwiftNativeTests.framework */,
			);
			name = Frameworks;
			sourceTree = "<group>";
		};
		C203C2B74BCD27C7CB342BCF /* Pods */ = {
			isa = PBXGroup;
			children = (
				4256439B6DCBC9C2BD1454F2 /* Pods-SwiftNative.debug.xcconfig */,
				E68D2FDE2322CFE124C7C99F /* Pods-SwiftNative.release.xcconfig */,
				7E83F5926AC477A42ABA1DC8 /* Pods-SwiftNative-SwiftNativeUITests.debug.xcconfig */,
				F8CDA259D6B6CB99B3211F72 /* Pods-SwiftNative-SwiftNativeUITests.release.xcconfig */,
				FE6FE9BD3FF9A36E0D1A7C11 /* Pods-SwiftNativeTests.debug.xcconfig */,
				B104B47DB2CF0B3BD4450EF2 /* Pods-SwiftNativeTests.release.xcconfig */,
			);
			path = Pods;
			sourceTree = "<group>";
		};
/* End PBXGroup section */

/* Begin PBXNativeTarget section */
		968A002D2A1E0C9600C96D05 /* SwiftNative */ = {
			isa = PBXNativeTarget;
			buildConfigurationList = 968A00582A1E0C9800C96D05 /* Build configuration list for PBXNativeTarget "SwiftNative" */;
			buildPhases = (
				B1CDB069050621A95E3922DF /* [CP] Check Pods Manifest.lock */,
				968A00612A1E0D2E00C96D05 /* ShellScript */,
				6D8BACCDCF8FC81B52D06AF6 /* [CP-User] Run Flutter Build flutter_module Script */,
				968A002A2A1E0C9600C96D05 /* Sources */,
				968A002B2A1E0C9600C96D05 /* Frameworks */,
				968A002C2A1E0C9600C96D05 /* Resources */,
				C2475CADA5F3DD595C96F39B /* [CP] Embed Pods Frameworks */,
				5D7BFFB55E0C84450E4BAB2B /* [CP-User] Embed Flutter Build flutter_module Script */,
			);
			buildRules = (
			);
			dependencies = (
			);
			name = SwiftNative;
			productName = SwiftNative;
			productReference = 968A002E2A1E0C9600C96D05 /* SwiftNative.app */;
			productType = "com.apple.product-type.application";
		};
		968A00432A1E0C9800C96D05 /* SwiftNativeTests */ = {
			isa = PBXNativeTarget;
			buildConfigurationList = 968A005B2A1E0C9800C96D05 /* Build configuration list for PBXNativeTarget "SwiftNativeTests" */;
			buildPhases = (
				FAD2DB7EAE03C38B6316E579 /* [CP] Check Pods Manifest.lock */,
				968A00402A1E0C9800C96D05 /* Sources */,
				968A00412A1E0C9800C96D05 /* Frameworks */,
				968A00422A1E0C9800C96D05 /* Resources */,
			);
			buildRules = (
			);
			dependencies = (
				968A00462A1E0C9800C96D05 /* PBXTargetDependency */,
			);
			name = SwiftNativeTests;
			productName = SwiftNativeTests;
			productReference = 968A00442A1E0C9800C96D05 /* SwiftNativeTests.xctest */;
			productType = "com.apple.product-type.bundle.unit-test";
		};
		968A004D2A1E0C9800C96D05 /* SwiftNativeUITests */ = {
			isa = PBXNativeTarget;
			buildConfigurationList = 968A005E2A1E0C9800C96D05 /* Build configuration list for PBXNativeTarget "SwiftNativeUITests" */;
			buildPhases = (
				C3B878FA80E60374DC650953 /* [CP] Check Pods Manifest.lock */,
				968A004A2A1E0C9800C96D05 /* Sources */,
				968A004B2A1E0C9800C96D05 /* Frameworks */,
				968A004C2A1E0C9800C96D05 /* Resources */,
				B0F7DB2E0260AEC3CC37F22C /* [CP] Embed Pods Frameworks */,
			);
			buildRules = (
			);
			dependencies = (
				968A00502A1E0C9800C96D05 /* PBXTargetDependency */,
			);
			name = SwiftNativeUITests;
			productName = SwiftNativeUITests;
			productReference = 968A004E2A1E0C9800C96D05 /* SwiftNativeUITests.xctest */;
			productType = "com.apple.product-type.bundle.ui-testing";
		};
/* End PBXNativeTarget section */

/* Begin PBXProject section */
		968A00262A1E0C9600C96D05 /* Project object */ = {
			isa = PBXProject;
			attributes = {
				BuildIndependentTargetsInParallel = 1;
				LastSwiftUpdateCheck = 1410;
				LastUpgradeCheck = 1410;
				TargetAttributes = {
					968A002D2A1E0C9600C96D05 = {
						CreatedOnToolsVersion = 14.1;
					};
					968A00432A1E0C9800C96D05 = {
						CreatedOnToolsVersion = 14.1;
						TestTargetID = 968A002D2A1E0C9600C96D05;
					};
					968A004D2A1E0C9800C96D05 = {
						CreatedOnToolsVersion = 14.1;
						TestTargetID = 968A002D2A1E0C9600C96D05;
					};
				};
			};
			buildConfigurationList = 968A00292A1E0C9600C96D05 /* Build configuration list for PBXProject "SwiftNative" */;
			compatibilityVersion = "Xcode 14.0";
			developmentRegion = en;
			hasScannedForEncodings = 0;
			knownRegions = (
				en,
				Base,
			);
			mainGroup = 968A00252A1E0C9600C96D05;
			productRefGroup = 968A002F2A1E0C9600C96D05 /* Products */;
			projectDirPath = "";
			projectRoot = "";
			targets = (
				968A002D2A1E0C9600C96D05 /* SwiftNative */,
				968A00432A1E0C9800C96D05 /* SwiftNativeTests */,
				968A004D2A1E0C9800C96D05 /* SwiftNativeUITests */,
			);
		};
/* End PBXProject section */

/* Begin PBXResourcesBuildPhase section */
		968A002C2A1E0C9600C96D05 /* Resources */ = {
			isa = PBXResourcesBuildPhase;
			buildActionMask = 2147483647;
			files = (
				968A003E2A1E0C9800C96D05 /* LaunchScreen.storyboard in Resources */,
				968A003B2A1E0C9800C96D05 /* Assets.xcassets in Resources */,
				968A00392A1E0C9600C96D05 /* Main.storyboard in Resources */,
			);
			runOnlyForDeploymentPostprocessing = 0;
		};
		968A00422A1E0C9800C96D05 /* Resources */ = {
			isa = PBXResourcesBuildPhase;
			buildActionMask = 2147483647;
			files = (
			);
			runOnlyForDeploymentPostprocessing = 0;
		};
		968A004C2A1E0C9800C96D05 /* Resources */ = {
			isa = PBXResourcesBuildPhase;
			buildActionMask = 2147483647;
			files = (
			);
			runOnlyForDeploymentPostprocessing = 0;
		};
/* End PBXResourcesBuildPhase section */

/* Begin PBXShellScriptBuildPhase section */
		5D7BFFB55E0C84450E4BAB2B /* [CP-User] Embed Flutter Build flutter_module Script */ = {
			isa = PBXShellScriptBuildPhase;
			buildActionMask = 2147483647;
			files = (
			);
			name = "[CP-User] Embed Flutter Build flutter_module Script";
			runOnlyForDeploymentPostprocessing = 0;
			shellPath = /bin/sh;
			shellScript = "set -e\nset -u\nsource \"${SRCROOT}/../flutter_module/.ios/Flutter/flutter_export_environment.sh\"\nexport VERBOSE_SCRIPT_LOGGING=1 && \"$FLUTTER_ROOT\"/packages/flutter_tools/bin/xcode_backend.sh embed_and_thin";
		};
		6D8BACCDCF8FC81B52D06AF6 /* [CP-User] Run Flutter Build flutter_module Script */ = {
			isa = PBXShellScriptBuildPhase;
			buildActionMask = 2147483647;
			files = (
			);
			name = "[CP-User] Run Flutter Build flutter_module Script";
			runOnlyForDeploymentPostprocessing = 0;
			shellPath = /bin/sh;
			shellScript = "set -e\nset -u\nsource \"${SRCROOT}/../flutter_module/.ios/Flutter/flutter_export_environment.sh\"\nexport VERBOSE_SCRIPT_LOGGING=1 && \"$FLUTTER_ROOT\"/packages/flutter_tools/bin/xcode_backend.sh build";
		};
		968A00612A1E0D2E00C96D05 /* ShellScript */ = {
			isa = PBXShellScriptBuildPhase;
			buildActionMask = 2147483647;
			files = (
			);
			inputFileListPaths = (
			);
			inputPaths = (
			);
			outputFileListPaths = (
			);
			outputPaths = (
			);
			runOnlyForDeploymentPostprocessing = 0;
			shellPath = /bin/sh;
			shellScript = "\"$FLUTTER_ROOT/packages/flutter_tools/bin/xcode_backend.sh\" build\n\"$FLUTTER_ROOT/packages/flutter_tools/bin/xcode_backend.sh\" embed \n";
		};
		B0F7DB2E0260AEC3CC37F22C /* [CP] Embed Pods Frameworks */ = {
			isa = PBXShellScriptBuildPhase;
			buildActionMask = 2147483647;
			files = (
			);
			inputFileListPaths = (
				"${PODS_ROOT}/Target Support Files/Pods-SwiftNative-SwiftNativeUITests/Pods-SwiftNative-SwiftNativeUITests-frameworks-${CONFIGURATION}-input-files.xcfilelist",
			);
			name = "[CP] Embed Pods Frameworks";
			outputFileListPaths = (
				"${PODS_ROOT}/Target Support Files/Pods-SwiftNative-SwiftNativeUITests/Pods-SwiftNative-SwiftNativeUITests-frameworks-${CONFIGURATION}-output-files.xcfilelist",
			);
			runOnlyForDeploymentPostprocessing = 0;
			shellPath = /bin/sh;
			shellScript = "\"${PODS_ROOT}/Target Support Files/Pods-SwiftNative-SwiftNativeUITests/Pods-SwiftNative-SwiftNativeUITests-frameworks.sh\"\n";
			showEnvVarsInLog = 0;
		};
		B1CDB069050621A95E3922DF /* [CP] Check Pods Manifest.lock */ = {
			isa = PBXShellScriptBuildPhase;
			buildActionMask = 2147483647;
			files = (
			);
			inputFileListPaths = (
			);
			inputPaths = (
				"${PODS_PODFILE_DIR_PATH}/Podfile.lock",
				"${PODS_ROOT}/Manifest.lock",
			);
			name = "[CP] Check Pods Manifest.lock";
			outputFileListPaths = (
			);
			outputPaths = (
				"$(DERIVED_FILE_DIR)/Pods-SwiftNative-checkManifestLockResult.txt",
			);
			runOnlyForDeploymentPostprocessing = 0;
			shellPath = /bin/sh;
			shellScript = "diff \"${PODS_PODFILE_DIR_PATH}/Podfile.lock\" \"${PODS_ROOT}/Manifest.lock\" > /dev/null\nif [ $? != 0 ] ; then\n    # print error to STDERR\n    echo \"error: The sandbox is not in sync with the Podfile.lock. Run 'pod install' or update your CocoaPods installation.\" >&2\n    exit 1\nfi\n# This output is used by Xcode 'outputs' to avoid re-running this script phase.\necho \"SUCCESS\" > \"${SCRIPT_OUTPUT_FILE_0}\"\n";
			showEnvVarsInLog = 0;
		};
		C2475CADA5F3DD595C96F39B /* [CP] Embed Pods Frameworks */ = {
			isa = PBXShellScriptBuildPhase;
			buildActionMask = 2147483647;
			files = (
			);
			inputFileListPaths = (
				"${PODS_ROOT}/Target Support Files/Pods-SwiftNative/Pods-SwiftNative-frameworks-${CONFIGURATION}-input-files.xcfilelist",
			);
			name = "[CP] Embed Pods Frameworks";
			outputFileListPaths = (
				"${PODS_ROOT}/Target Support Files/Pods-SwiftNative/Pods-SwiftNative-frameworks-${CONFIGURATION}-output-files.xcfilelist",
			);
			runOnlyForDeploymentPostprocessing = 0;
			shellPath = /bin/sh;
			shellScript = "\"${PODS_ROOT}/Target Support Files/Pods-SwiftNative/Pods-SwiftNative-frameworks.sh\"\n";
			showEnvVarsInLog = 0;
		};
		C3B878FA80E60374DC650953 /* [CP] Check Pods Manifest.lock */ = {
			isa = PBXShellScriptBuildPhase;
			buildActionMask = 2147483647;
			files = (
			);
			inputFileListPaths = (
			);
			inputPaths = (
				"${PODS_PODFILE_DIR_PATH}/Podfile.lock",
				"${PODS_ROOT}/Manifest.lock",
			);
			name = "[CP] Check Pods Manifest.lock";
			outputFileListPaths = (
			);
			outputPaths = (
				"$(DERIVED_FILE_DIR)/Pods-SwiftNative-SwiftNativeUITests-checkManifestLockResult.txt",
			);
			runOnlyForDeploymentPostprocessing = 0;
			shellPath = /bin/sh;
			shellScript = "diff \"${PODS_PODFILE_DIR_PATH}/Podfile.lock\" \"${PODS_ROOT}/Manifest.lock\" > /dev/null\nif [ $? != 0 ] ; then\n    # print error to STDERR\n    echo \"error: The sandbox is not in sync with the Podfile.lock. Run 'pod install' or update your CocoaPods installation.\" >&2\n    exit 1\nfi\n# This output is used by Xcode 'outputs' to avoid re-running this script phase.\necho \"SUCCESS\" > \"${SCRIPT_OUTPUT_FILE_0}\"\n";
			showEnvVarsInLog = 0;
		};
		FAD2DB7EAE03C38B6316E579 /* [CP] Check Pods Manifest.lock */ = {
			isa = PBXShellScriptBuildPhase;
			buildActionMask = 2147483647;
			files = (
			);
			inputFileListPaths = (
			);
			inputPaths = (
				"${PODS_PODFILE_DIR_PATH}/Podfile.lock",
				"${PODS_ROOT}/Manifest.lock",
			);
			name = "[CP] Check Pods Manifest.lock";
			outputFileListPaths = (
			);
			outputPaths = (
				"$(DERIVED_FILE_DIR)/Pods-SwiftNativeTests-checkManifestLockResult.txt",
			);
			runOnlyForDeploymentPostprocessing = 0;
			shellPath = /bin/sh;
			shellScript = "diff \"${PODS_PODFILE_DIR_PATH}/Podfile.lock\" \"${PODS_ROOT}/Manifest.lock\" > /dev/null\nif [ $? != 0 ] ; then\n    # print error to STDERR\n    echo \"error: The sandbox is not in sync with the Podfile.lock. Run 'pod install' or update your CocoaPods installation.\" >&2\n    exit 1\nfi\n# This output is used by Xcode 'outputs' to avoid re-running this script phase.\necho \"SUCCESS\" > \"${SCRIPT_OUTPUT_FILE_0}\"\n";
			showEnvVarsInLog = 0;
		};
/* End PBXShellScriptBuildPhase section */

/* Begin PBXSourcesBuildPhase section */
		968A002A2A1E0C9600C96D05 /* Sources */ = {
			isa = PBXSourcesBuildPhase;
			buildActionMask = 2147483647;
			files = (
				968A00362A1E0C9600C96D05 /* ViewController.swift in Sources */,
				968A00322A1E0C9600C96D05 /* AppDelegate.swift in Sources */,
				968A00342A1E0C9600C96D05 /* SceneDelegate.swift in Sources */,
			);
			runOnlyForDeploymentPostprocessing = 0;
		};
		968A00402A1E0C9800C96D05 /* Sources */ = {
			isa = PBXSourcesBuildPhase;
			buildActionMask = 2147483647;
			files = (
				968A00492A1E0C9800C96D05 /* SwiftNativeTests.swift in Sources */,
			);
			runOnlyForDeploymentPostprocessing = 0;
		};
		968A004A2A1E0C9800C96D05 /* Sources */ = {
			isa = PBXSourcesBuildPhase;
			buildActionMask = 2147483647;
			files = (
				968A00532A1E0C9800C96D05 /* SwiftNativeUITests.swift in Sources */,
				968A00552A1E0C9800C96D05 /* SwiftNativeUITestsLaunchTests.swift in Sources */,
			);
			runOnlyForDeploymentPostprocessing = 0;
		};
/* End PBXSourcesBuildPhase section */

/* Begin PBXTargetDependency section */
		968A00462A1E0C9800C96D05 /* PBXTargetDependency */ = {
			isa = PBXTargetDependency;
			target = 968A002D2A1E0C9600C96D05 /* SwiftNative */;
			targetProxy = 968A00452A1E0C9800C96D05 /* PBXContainerItemProxy */;
		};
		968A00502A1E0C9800C96D05 /* PBXTargetDependency */ = {
			isa = PBXTargetDependency;
			target = 968A002D2A1E0C9600C96D05 /* SwiftNative */;
			targetProxy = 968A004F2A1E0C9800C96D05 /* PBXContainerItemProxy */;
		};
/* End PBXTargetDependency section */

/* Begin PBXVariantGroup section */
		968A00372A1E0C9600C96D05 /* Main.storyboard */ = {
			isa = PBXVariantGroup;
			children = (
				968A00382A1E0C9600C96D05 /* Base */,
			);
			name = Main.storyboard;
			sourceTree = "<group>";
		};
		968A003C2A1E0C9800C96D05 /* LaunchScreen.storyboard */ = {
			isa = PBXVariantGroup;
			children = (
				968A003D2A1E0C9800C96D05 /* Base */,
			);
			name = LaunchScreen.storyboard;
			sourceTree = "<group>";
		};
/* End PBXVariantGroup section */

/* Begin XCBuildConfiguration section */
		968A00562A1E0C9800C96D05 /* Debug */ = {
			isa = XCBuildConfiguration;
			buildSettings = {
				ALWAYS_SEARCH_USER_PATHS = NO;
				CLANG_ANALYZER_NONNULL = YES;
				CLANG_ANALYZER_NUMBER_OBJECT_CONVERSION = YES_AGGRESSIVE;
				CLANG_CXX_LANGUAGE_STANDARD = "gnu++20";
				CLANG_ENABLE_MODULES = YES;
				CLANG_ENABLE_OBJC_ARC = YES;
				CLANG_ENABLE_OBJC_WEAK = YES;
				CLANG_WARN_BLOCK_CAPTURE_AUTORELEASING = YES;
				CLANG_WARN_BOOL_CONVERSION = YES;
				CLANG_WARN_COMMA = YES;
				CLANG_WARN_CONSTANT_CONVERSION = YES;
				CLANG_WARN_DEPRECATED_OBJC_IMPLEMENTATIONS = YES;
				CLANG_WARN_DIRECT_OBJC_ISA_USAGE = YES_ERROR;
				CLANG_WARN_DOCUMENTATION_COMMENTS = YES;
				CLANG_WARN_EMPTY_BODY = YES;
				CLANG_WARN_ENUM_CONVERSION = YES;
				CLANG_WARN_INFINITE_RECURSION = YES;
				CLANG_WARN_INT_CONVERSION = YES;
				CLANG_WARN_NON_LITERAL_NULL_CONVERSION = YES;
				CLANG_WARN_OBJC_IMPLICIT_RETAIN_SELF = YES;
				CLANG_WARN_OBJC_LITERAL_CONVERSION = YES;
				CLANG_WARN_OBJC_ROOT_CLASS = YES_ERROR;
				CLANG_WARN_QUOTED_INCLUDE_IN_FRAMEWORK_HEADER = YES;
				CLANG_WARN_RANGE_LOOP_ANALYSIS = YES;
				CLANG_WARN_STRICT_PROTOTYPES = YES;
				CLANG_WARN_SUSPICIOUS_MOVE = YES;
				CLANG_WARN_UNGUARDED_AVAILABILITY = YES_AGGRESSIVE;
				CLANG_WARN_UNREACHABLE_CODE = YES;
				CLANG_WARN__DUPLICATE_METHOD_MATCH = YES;
				COPY_PHASE_STRIP = NO;
				DEBUG_INFORMATION_FORMAT = dwarf;
				ENABLE_STRICT_OBJC_MSGSEND = YES;
				ENABLE_TESTABILITY = YES;
				GCC_C_LANGUAGE_STANDARD = gnu11;
				GCC_DYNAMIC_NO_PIC = NO;
				GCC_NO_COMMON_BLOCKS = YES;
				GCC_OPTIMIZATION_LEVEL = 0;
				GCC_PREPROCESSOR_DEFINITIONS = (
					"DEBUG=1",
					"$(inherited)",
				);
				GCC_WARN_64_TO_32_BIT_CONVERSION = YES;
				GCC_WARN_ABOUT_RETURN_TYPE = YES_ERROR;
				GCC_WARN_UNDECLARED_SELECTOR = YES;
				GCC_WARN_UNINITIALIZED_AUTOS = YES_AGGRESSIVE;
				GCC_WARN_UNUSED_FUNCTION = YES;
				GCC_WARN_UNUSED_VARIABLE = YES;
				IPHONEOS_DEPLOYMENT_TARGET = 16.1;
				MTL_ENABLE_DEBUG_INFO = INCLUDE_SOURCE;
				MTL_FAST_MATH = YES;
				ONLY_ACTIVE_ARCH = YES;
				SDKROOT = iphoneos;
				SWIFT_ACTIVE_COMPILATION_CONDITIONS = DEBUG;
				SWIFT_OPTIMIZATION_LEVEL = "-Onone";
			};
			name = Debug;
		};
		968A00572A1E0C9800C96D05 /* Release */ = {
			isa = XCBuildConfiguration;
			buildSettings = {
				ALWAYS_SEARCH_USER_PATHS = NO;
				CLANG_ANALYZER_NONNULL = YES;
				CLANG_ANALYZER_NUMBER_OBJECT_CONVERSION = YES_AGGRESSIVE;
				CLANG_CXX_LANGUAGE_STANDARD = "gnu++20";
				CLANG_ENABLE_MODULES = YES;
				CLANG_ENABLE_OBJC_ARC = YES;
				CLANG_ENABLE_OBJC_WEAK = YES;
				CLANG_WARN_BLOCK_CAPTURE_AUTORELEASING = YES;
				CLANG_WARN_BOOL_CONVERSION = YES;
				CLANG_WARN_COMMA = YES;
				CLANG_WARN_CONSTANT_CONVERSION = YES;
				CLANG_WARN_DEPRECATED_OBJC_IMPLEMENTATIONS = YES;
				CLANG_WARN_DIRECT_OBJC_ISA_USAGE = YES_ERROR;
				CLANG_WARN_DOCUMENTATION_COMMENTS = YES;
				CLANG_WARN_EMPTY_BODY = YES;
				CLANG_WARN_ENUM_CONVERSION = YES;
				CLANG_WARN_INFINITE_RECURSION = YES;
				CLANG_WARN_INT_CONVERSION = YES;
				CLANG_WARN_NON_LITERAL_NULL_CONVERSION = YES;
				CLANG_WARN_OBJC_IMPLICIT_RETAIN_SELF = YES;
				CLANG_WARN_OBJC_LITERAL_CONVERSION = YES;
				CLANG_WARN_OBJC_ROOT_CLASS = YES_ERROR;
				CLANG_WARN_QUOTED_INCLUDE_IN_FRAMEWORK_HEADER = YES;
				CLANG_WARN_RANGE_LOOP_ANALYSIS = YES;
				CLANG_WARN_STRICT_PROTOTYPES = YES;
				CLANG_WARN_SUSPICIOUS_MOVE = YES;
				CLANG_WARN_UNGUARDED_AVAILABILITY = YES_AGGRESSIVE;
				CLANG_WARN_UNREACHABLE_CODE = YES;
				CLANG_WARN__DUPLICATE_METHOD_MATCH = YES;
				COPY_PHASE_STRIP = NO;
				DEBUG_INFORMATION_FORMAT = "dwarf-with-dsym";
				ENABLE_NS_ASSERTIONS = NO;
				ENABLE_STRICT_OBJC_MSGSEND = YES;
				GCC_C_LANGUAGE_STANDARD = gnu11;
				GCC_NO_COMMON_BLOCKS = YES;
				GCC_WARN_64_TO_32_BIT_CONVERSION = YES;
				GCC_WARN_ABOUT_RETURN_TYPE = YES_ERROR;
				GCC_WARN_UNDECLARED_SELECTOR = YES;
				GCC_WARN_UNINITIALIZED_AUTOS = YES_AGGRESSIVE;
				GCC_WARN_UNUSED_FUNCTION = YES;
				GCC_WARN_UNUSED_VARIABLE = YES;
				IPHONEOS_DEPLOYMENT_TARGET = 16.1;
				MTL_ENABLE_DEBUG_INFO = NO;
				MTL_FAST_MATH = YES;
				SDKROOT = iphoneos;
				SWIFT_COMPILATION_MODE = wholemodule;
				SWIFT_OPTIMIZATION_LEVEL = "-O";
				VALIDATE_PRODUCT = YES;
			};
			name = Release;
		};
		968A00592A1E0C9800C96D05 /* Debug */ = {
			isa = XCBuildConfiguration;
			baseConfigurationReference = 4256439B6DCBC9C2BD1454F2 /* Pods-SwiftNative.debug.xcconfig */;
			buildSettings = {
				ASSETCATALOG_COMPILER_APPICON_NAME = AppIcon;
				ASSETCATALOG_COMPILER_GLOBAL_ACCENT_COLOR_NAME = AccentColor;
				CODE_SIGN_STYLE = Automatic;
				CURRENT_PROJECT_VERSION = 1;
				DEVELOPMENT_TEAM = R2AK7R7W78;
				FLUTTER_APPLICATION_PATH = /Users/xpzi/flutterMixed/flutter_module;
				FLUTTER_ROOT = /Users/xpzi/Flutter/flutter3.7.7;
				GENERATE_INFOPLIST_FILE = YES;
				INFOPLIST_FILE = SwiftNative/Info.plist;
				INFOPLIST_KEY_UIApplicationSupportsIndirectInputEvents = YES;
				INFOPLIST_KEY_UILaunchStoryboardName = LaunchScreen;
				INFOPLIST_KEY_UIMainStoryboardFile = Main;
				INFOPLIST_KEY_UISupportedInterfaceOrientations_iPad = "UIInterfaceOrientationPortrait UIInterfaceOrientationPortraitUpsideDown UIInterfaceOrientationLandscapeLeft UIInterfaceOrientationLandscapeRight";
				INFOPLIST_KEY_UISupportedInterfaceOrientations_iPhone = "UIInterfaceOrientationPortrait UIInterfaceOrientationLandscapeLeft UIInterfaceOrientationLandscapeRight";
				LD_RUNPATH_SEARCH_PATHS = (
					"$(inherited)",
					"@executable_path/Frameworks",
				);
				MARKETING_VERSION = 1.0;
				PRODUCT_BUNDLE_IDENTIFIER = xpz.SwiftNative;
				PRODUCT_NAME = "$(TARGET_NAME)";
				SWIFT_EMIT_LOC_STRINGS = YES;
				SWIFT_VERSION = 5.0;
				TARGETED_DEVICE_FAMILY = "1,2";
			};
			name = Debug;
		};
		968A005A2A1E0C9800C96D05 /* Release */ = {
			isa = XCBuildConfiguration;
			baseConfigurationReference = E68D2FDE2322CFE124C7C99F /* Pods-SwiftNative.release.xcconfig */;
			buildSettings = {
				ASSETCATALOG_COMPILER_APPICON_NAME = AppIcon;
				ASSETCATALOG_COMPILER_GLOBAL_ACCENT_COLOR_NAME = AccentColor;
				CODE_SIGN_STYLE = Automatic;
				CURRENT_PROJECT_VERSION = 1;
				DEVELOPMENT_TEAM = R2AK7R7W78;
				FLUTTER_APPLICATION_PATH = /Users/xpzi/flutterMixed/flutter_module;
				FLUTTER_ROOT = /Users/xpzi/Flutter/flutter3.7.7;
				GENERATE_INFOPLIST_FILE = YES;
				INFOPLIST_FILE = SwiftNative/Info.plist;
				INFOPLIST_KEY_UIApplicationSupportsIndirectInputEvents = YES;
				INFOPLIST_KEY_UILaunchStoryboardName = LaunchScreen;
				INFOPLIST_KEY_UIMainStoryboardFile = Main;
				INFOPLIST_KEY_UISupportedInterfaceOrientations_iPad = "UIInterfaceOrientationPortrait UIInterfaceOrientationPortraitUpsideDown UIInterfaceOrientationLandscapeLeft UIInterfaceOrientationLandscapeRight";
				INFOPLIST_KEY_UISupportedInterfaceOrientations_iPhone = "UIInterfaceOrientationPortrait UIInterfaceOrientationLandscapeLeft UIInterfaceOrientationLandscapeRight";
				LD_RUNPATH_SEARCH_PATHS = (
					"$(inherited)",
					"@executable_path/Frameworks",
				);
				MARKETING_VERSION = 1.0;
				PRODUCT_BUNDLE_IDENTIFIER = xpz.SwiftNative;
				PRODUCT_NAME = "$(TARGET_NAME)";
				SWIFT_EMIT_LOC_STRINGS = YES;
				SWIFT_VERSION = 5.0;
				TARGETED_DEVICE_FAMILY = "1,2";
			};
			name = Release;
		};
		968A005C2A1E0C9800C96D05 /* Debug */ = {
			isa = XCBuildConfiguration;
			baseConfigurationReference = FE6FE9BD3FF9A36E0D1A7C11 /* Pods-SwiftNativeTests.debug.xcconfig */;
			buildSettings = {
				ALWAYS_EMBED_SWIFT_STANDARD_LIBRARIES = YES;
				BUNDLE_LOADER = "$(TEST_HOST)";
				CODE_SIGN_STYLE = Automatic;
				CURRENT_PROJECT_VERSION = 1;
				DEVELOPMENT_TEAM = R2AK7R7W78;
				GENERATE_INFOPLIST_FILE = YES;
				IPHONEOS_DEPLOYMENT_TARGET = 16.1;
				MARKETING_VERSION = 1.0;
				PRODUCT_BUNDLE_IDENTIFIER = xpz.SwiftNativeTests;
				PRODUCT_NAME = "$(TARGET_NAME)";
				SWIFT_EMIT_LOC_STRINGS = NO;
				SWIFT_VERSION = 5.0;
				TARGETED_DEVICE_FAMILY = "1,2";
				TEST_HOST = "$(BUILT_PRODUCTS_DIR)/SwiftNative.app/$(BUNDLE_EXECUTABLE_FOLDER_PATH)/SwiftNative";
			};
			name = Debug;
		};
		968A005D2A1E0C9800C96D05 /* Release */ = {
			isa = XCBuildConfiguration;
			baseConfigurationReference = B104B47DB2CF0B3BD4450EF2 /* Pods-SwiftNativeTests.release.xcconfig */;
			buildSettings = {
				ALWAYS_EMBED_SWIFT_STANDARD_LIBRARIES = YES;
				BUNDLE_LOADER = "$(TEST_HOST)";
				CODE_SIGN_STYLE = Automatic;
				CURRENT_PROJECT_VERSION = 1;
				DEVELOPMENT_TEAM = R2AK7R7W78;
				GENERATE_INFOPLIST_FILE = YES;
				IPHONEOS_DEPLOYMENT_TARGET = 16.1;
				MARKETING_VERSION = 1.0;
				PRODUCT_BUNDLE_IDENTIFIER = xpz.SwiftNativeTests;
				PRODUCT_NAME = "$(TARGET_NAME)";
				SWIFT_EMIT_LOC_STRINGS = NO;
				SWIFT_VERSION = 5.0;
				TARGETED_DEVICE_FAMILY = "1,2";
				TEST_HOST = "$(BUILT_PRODUCTS_DIR)/SwiftNative.app/$(BUNDLE_EXECUTABLE_FOLDER_PATH)/SwiftNative";
			};
			name = Release;
		};
		968A005F2A1E0C9800C96D05 /* Debug */ = {
			isa = XCBuildConfiguration;
			baseConfigurationReference = 7E83F5926AC477A42ABA1DC8 /* Pods-SwiftNative-SwiftNativeUITests.debug.xcconfig */;
			buildSettings = {
				ALWAYS_EMBED_SWIFT_STANDARD_LIBRARIES = YES;
				CODE_SIGN_STYLE = Automatic;
				CURRENT_PROJECT_VERSION = 1;
				DEVELOPMENT_TEAM = R2AK7R7W78;
				GENERATE_INFOPLIST_FILE = YES;
				MARKETING_VERSION = 1.0;
				PRODUCT_BUNDLE_IDENTIFIER = xpz.SwiftNativeUITests;
				PRODUCT_NAME = "$(TARGET_NAME)";
				SWIFT_EMIT_LOC_STRINGS = NO;
				SWIFT_VERSION = 5.0;
				TARGETED_DEVICE_FAMILY = "1,2";
				TEST_TARGET_NAME = SwiftNative;
			};
			name = Debug;
		};
		968A00602A1E0C9800C96D05 /* Release */ = {
			isa = XCBuildConfiguration;
			baseConfigurationReference = F8CDA259D6B6CB99B3211F72 /* Pods-SwiftNative-SwiftNativeUITests.release.xcconfig */;
			buildSettings = {
				ALWAYS_EMBED_SWIFT_STANDARD_LIBRARIES = YES;
				CODE_SIGN_STYLE = Automatic;
				CURRENT_PROJECT_VERSION = 1;
				DEVELOPMENT_TEAM = R2AK7R7W78;
				GENERATE_INFOPLIST_FILE = YES;
				MARKETING_VERSION = 1.0;
				PRODUCT_BUNDLE_IDENTIFIER = xpz.SwiftNativeUITests;
				PRODUCT_NAME = "$(TARGET_NAME)";
				SWIFT_EMIT_LOC_STRINGS = NO;
				SWIFT_VERSION = 5.0;
				TARGETED_DEVICE_FAMILY = "1,2";
				TEST_TARGET_NAME = SwiftNative;
			};
			name = Release;
		};
/* End XCBuildConfiguration section */

/* Begin XCConfigurationList section */
		968A00292A1E0C9600C96D05 /* Build configuration list for PBXProject "SwiftNative" */ = {
			isa = XCConfigurationList;
			buildConfigurations = (
				968A00562A1E0C9800C96D05 /* Debug */,
				968A00572A1E0C9800C96D05 /* Release */,
			);
			defaultConfigurationIsVisible = 0;
			defaultConfigurationName = Release;
		};
		968A00582A1E0C9800C96D05 /* Build configuration list for PBXNativeTarget "SwiftNative" */ = {
			isa = XCConfigurationList;
			buildConfigurations = (
				968A00592A1E0C9800C96D05 /* Debug */,
				968A005A2A1E0C9800C96D05 /* Release */,
			);
			defaultConfigurationIsVisible = 0;
			defaultConfigurationName = Release;
		};
		968A005B2A1E0C9800C96D05 /* Build configuration list for PBXNativeTarget "SwiftNativeTests" */ = {
			isa = XCConfigurationList;
			buildConfigurations = (
				968A005C2A1E0C9800C96D05 /* Debug */,
				968A005D2A1E0C9800C96D05 /* Release */,
			);
			defaultConfigurationIsVisible = 0;
			defaultConfigurationName = Release;
		};
		968A005E2A1E0C9800C96D05 /* Build configuration list for PBXNativeTarget "SwiftNativeUITests" */ = {
			isa = XCConfigurationList;
			buildConfigurations = (
				968A005F2A1E0C9800C96D05 /* Debug */,
				968A00602A1E0C9800C96D05 /* Release */,
			);
			defaultConfigurationIsVisible = 0;
			defaultConfigurationName = Release;
		};
/* End XCConfigurationList section */
	};
	rootObject = 968A00262A1E0C9600C96D05 /* Project object */;
}
